// !$*UTF8*$!
{
	archiveVersion = 1;
	classes = {
	};
	objectVersion = 48;
	objects = {

/* Begin PBXBuildFile section */
		4F1F2B031FA405B60032D6A0 /* Utils.swift in Sources */ = {isa = PBXBuildFile; fileRef = 4F1F2B021FA405B60032D6A0 /* Utils.swift */; };
		4FC0C9CF1FA43F4900133254 /* AlamoFire.swift in Sources */ = {isa = PBXBuildFile; fileRef = 4FC0C9CE1FA43F4900133254 /* AlamoFire.swift */; };
		4FEC9CC01FA2B47D000643EB /* AppDelegate.swift in Sources */ = {isa = PBXBuildFile; fileRef = 4FEC9CBF1FA2B47D000643EB /* AppDelegate.swift */; };
		4FEC9CC21FA2B47D000643EB /* ViewController.swift in Sources */ = {isa = PBXBuildFile; fileRef = 4FEC9CC11FA2B47D000643EB /* ViewController.swift */; };
		4FEC9CC51FA2B47D000643EB /* Main.storyboard in Resources */ = {isa = PBXBuildFile; fileRef = 4FEC9CC31FA2B47D000643EB /* Main.storyboard */; };
		4FEC9CC71FA2B47E000643EB /* Assets.xcassets in Resources */ = {isa = PBXBuildFile; fileRef = 4FEC9CC61FA2B47E000643EB /* Assets.xcassets */; };
		4FEC9CCA1FA2B47E000643EB /* LaunchScreen.storyboard in Resources */ = {isa = PBXBuildFile; fileRef = 4FEC9CC81FA2B47E000643EB /* LaunchScreen.storyboard */; };
		4FEC9CD51FA2B47E000643EB /* CapitalSocialTests.swift in Sources */ = {isa = PBXBuildFile; fileRef = 4FEC9CD41FA2B47E000643EB /* CapitalSocialTests.swift */; };
		4FEC9CE01FA2B47E000643EB /* CapitalSocialUITests.swift in Sources */ = {isa = PBXBuildFile; fileRef = 4FEC9CDF1FA2B47E000643EB /* CapitalSocialUITests.swift */; };
		9A5A11B2A4C400176CCBD1F2 /* Pods_CapitalSocial.framework in Frameworks */ = {isa = PBXBuildFile; fileRef = 221A85169CBE7B6203CD7606 /* Pods_CapitalSocial.framework */; };
/* End PBXBuildFile section */

/* Begin PBXContainerItemProxy section */
		4FEC9CD11FA2B47E000643EB /* PBXContainerItemProxy */ = {
			isa = PBXContainerItemProxy;
			containerPortal = 4FEC9CB41FA2B47D000643EB /* Project object */;
			proxyType = 1;
			remoteGlobalIDString = 4FEC9CBB1FA2B47D000643EB;
			remoteInfo = CapitalSocial;
		};
		4FEC9CDC1FA2B47E000643EB /* PBXContainerItemProxy */ = {
			isa = PBXContainerItemProxy;
			containerPortal = 4FEC9CB41FA2B47D000643EB /* Project object */;
			proxyType = 1;
			remoteGlobalIDString = 4FEC9CBB1FA2B47D000643EB;
			remoteInfo = CapitalSocial;
		};
/* End PBXContainerItemProxy section */

/* Begin PBXFileReference section */
		221A85169CBE7B6203CD7606 /* Pods_CapitalSocial.framework */ = {isa = PBXFileReference; explicitFileType = wrapper.framework; includeInIndex = 0; path = Pods_CapitalSocial.framework; sourceTree = BUILT_PRODUCTS_DIR; };
		4F1F2AE91FA3FDAC0032D6A0 /* PromoPapaJohns.png */ = {isa = PBXFileReference; lastKnownFileType = image.png; name = PromoPapaJohns.png; path = ../../../../../Downloads/ElementosPruebaAndroidV3/PromoPapaJohns.png; sourceTree = "<group>"; };
		4F1F2AEA1FA3FDAC0032D6A0 /* PromoCinepolis.png */ = {isa = PBXFileReference; lastKnownFileType = image.png; name = PromoCinepolis.png; path = ../../../../../Downloads/ElementosPruebaAndroidV3/PromoCinepolis.png; sourceTree = "<group>"; };
		4F1F2AEB1FA3FDAC0032D6A0 /* PromoWingstop.png */ = {isa = PBXFileReference; lastKnownFileType = image.png; name = PromoWingstop.png; path = ../../../../../Downloads/ElementosPruebaAndroidV3/PromoWingstop.png; sourceTree = "<group>"; };
		4F1F2AEC1FA3FDAC0032D6A0 /* PromoZonaFitness.png */ = {isa = PBXFileReference; lastKnownFileType = image.png; name = PromoZonaFitness.png; path = ../../../../../Downloads/ElementosPruebaAndroidV3/PromoZonaFitness.png; sourceTree = "<group>"; };
		4F1F2AED1FA3FDAC0032D6A0 /* PromoChilis.png */ = {isa = PBXFileReference; lastKnownFileType = image.png; name = PromoChilis.png; path = ../../../../../Downloads/ElementosPruebaAndroidV3/PromoChilis.png; sourceTree = "<group>"; };
		4F1F2AF11FA3FDAC0032D6A0 /* PromoBurguerKing.png */ = {isa = PBXFileReference; lastKnownFileType = image.png; name = PromoBurguerKing.png; path = ../../../../../Downloads/ElementosPruebaAndroidV3/PromoBurguerKing.png; sourceTree = "<group>"; };
		4F1F2AF21FA3FDAC0032D6A0 /* PromoBenavides.png */ = {isa = PBXFileReference; lastKnownFileType = image.png; name = PromoBenavides.png; path = ../../../../../Downloads/ElementosPruebaAndroidV3/PromoBenavides.png; sourceTree = "<group>"; };
		4F1F2AF31FA3FDAC0032D6A0 /* PromoItaliannis.png */ = {isa = PBXFileReference; lastKnownFileType = image.png; name = PromoItaliannis.png; path = ../../../../../Downloads/ElementosPruebaAndroidV3/PromoItaliannis.png; sourceTree = "<group>"; };
		4F1F2AF41FA3FDAD0032D6A0 /* PromoTizoncito.png */ = {isa = PBXFileReference; lastKnownFileType = image.png; name = PromoTizoncito.png; path = ../../../../../Downloads/ElementosPruebaAndroidV3/PromoTizoncito.png; sourceTree = "<group>"; };
		4F1F2AFA1FA3FDAD0032D6A0 /* PromoIdea.png */ = {isa = PBXFileReference; lastKnownFileType = image.png; name = PromoIdea.png; path = ../../../../../Downloads/ElementosPruebaAndroidV3/PromoIdea.png; sourceTree = "<group>"; };
		4F1F2B021FA405B60032D6A0 /* Utils.swift */ = {isa = PBXFileReference; lastKnownFileType = sourcecode.swift; path = Utils.swift; sourceTree = "<group>"; };
		4FC0C9CE1FA43F4900133254 /* AlamoFire.swift */ = {isa = PBXFileReference; lastKnownFileType = sourcecode.swift; name = AlamoFire.swift; path = AlamoFire/AlamoFire.swift; sourceTree = "<group>"; };
		4FEC9CBC1FA2B47D000643EB /* CapitalSocial.app */ = {isa = PBXFileReference; explicitFileType = wrapper.application; includeInIndex = 0; path = CapitalSocial.app; sourceTree = BUILT_PRODUCTS_DIR; };
		4FEC9CBF1FA2B47D000643EB /* AppDelegate.swift */ = {isa = PBXFileReference; lastKnownFileType = sourcecode.swift; path = AppDelegate.swift; sourceTree = "<group>"; };
		4FEC9CC11FA2B47D000643EB /* ViewController.swift */ = {isa = PBXFileReference; lastKnownFileType = sourcecode.swift; path = ViewController.swift; sourceTree = "<group>"; };
		4FEC9CC41FA2B47D000643EB /* Base */ = {isa = PBXFileReference; lastKnownFileType = file.storyboard; name = Base; path = Base.lproj/Main.storyboard; sourceTree = "<group>"; };
		4FEC9CC61FA2B47E000643EB /* Assets.xcassets */ = {isa = PBXFileReference; lastKnownFileType = folder.assetcatalog; path = Assets.xcassets; sourceTree = "<group>"; };
		4FEC9CC91FA2B47E000643EB /* Base */ = {isa = PBXFileReference; lastKnownFileType = file.storyboard; name = Base; path = Base.lproj/LaunchScreen.storyboard; sourceTree = "<group>"; };
		4FEC9CCB1FA2B47E000643EB /* Info.plist */ = {isa = PBXFileReference; lastKnownFileType = text.plist.xml; path = Info.plist; sourceTree = "<group>"; };
		4FEC9CD01FA2B47E000643EB /* CapitalSocialTests.xctest */ = {isa = PBXFileReference; explicitFileType = wrapper.cfbundle; includeInIndex = 0; path = CapitalSocialTests.xctest; sourceTree = BUILT_PRODUCTS_DIR; };
		4FEC9CD41FA2B47E000643EB /* CapitalSocialTests.swift */ = {isa = PBXFileReference; lastKnownFileType = sourcecode.swift; path = CapitalSocialTests.swift; sourceTree = "<group>"; };
		4FEC9CD61FA2B47E000643EB /* Info.plist */ = {isa = PBXFileReference; lastKnownFileType = text.plist.xml; path = Info.plist; sourceTree = "<group>"; };
		4FEC9CDB1FA2B47E000643EB /* CapitalSocialUITests.xctest */ = {isa = PBXFileReference; explicitFileType = wrapper.cfbundle; includeInIndex = 0; path = CapitalSocialUITests.xctest; sourceTree = BUILT_PRODUCTS_DIR; };
		4FEC9CDF1FA2B47E000643EB /* CapitalSocialUITests.swift */ = {isa = PBXFileReference; lastKnownFileType = sourcecode.swift; path = CapitalSocialUITests.swift; sourceTree = "<group>"; };
		4FEC9CE11FA2B47E000643EB /* Info.plist */ = {isa = PBXFileReference; lastKnownFileType = text.plist.xml; path = Info.plist; sourceTree = "<group>"; };
		860AFE2F0D4A5CFAB4A887B9 /* Pods-CapitalSocial.debug.xcconfig */ = {isa = PBXFileReference; includeInIndex = 1; lastKnownFileType = text.xcconfig; name = "Pods-CapitalSocial.debug.xcconfig"; path = "Pods/Target Support Files/Pods-CapitalSocial/Pods-CapitalSocial.debug.xcconfig"; sourceTree = "<group>"; };
		F5152DAB41F8CC66DF9E47CD /* Pods-CapitalSocial.release.xcconfig */ = {isa = PBXFileReference; includeInIndex = 1; lastKnownFileType = text.xcconfig; name = "Pods-CapitalSocial.release.xcconfig"; path = "Pods/Target Support Files/Pods-CapitalSocial/Pods-CapitalSocial.release.xcconfig"; sourceTree = "<group>"; };
/* End PBXFileReference section */

/* Begin PBXFrameworksBuildPhase section */
		4FEC9CB91FA2B47D000643EB /* Frameworks */ = {
			isa = PBXFrameworksBuildPhase;
			buildActionMask = 2147483647;
			files = (
				9A5A11B2A4C400176CCBD1F2 /* Pods_CapitalSocial.framework in Frameworks */,
			);
			runOnlyForDeploymentPostprocessing = 0;
		};
		4FEC9CCD1FA2B47E000643EB /* Frameworks */ = {
			isa = PBXFrameworksBuildPhase;
			buildActionMask = 2147483647;
			files = (
			);
			runOnlyForDeploymentPostprocessing = 0;
		};
		4FEC9CD81FA2B47E000643EB /* Frameworks */ = {
			isa = PBXFrameworksBuildPhase;
			buildActionMask = 2147483647;
			files = (
			);
			runOnlyForDeploymentPostprocessing = 0;
		};
/* End PBXFrameworksBuildPhase section */

/* Begin PBXGroup section */
		2A23467CDB756149731A8B46 /* Frameworks */ = {
			isa = PBXGroup;
			children = (
				221A85169CBE7B6203CD7606 /* Pods_CapitalSocial.framework */,
			);
			name = Frameworks;
			sourceTree = "<group>";
		};
		4F1F2AE81FA3FD7E0032D6A0 /* Promos */ = {
			isa = PBXGroup;
			children = (
				4F1F2AF21FA3FDAC0032D6A0 /* PromoBenavides.png */,
				4F1F2AF11FA3FDAC0032D6A0 /* PromoBurguerKing.png */,
				4F1F2AED1FA3FDAC0032D6A0 /* PromoChilis.png */,
				4F1F2AEA1FA3FDAC0032D6A0 /* PromoCinepolis.png */,
				4F1F2AFA1FA3FDAD0032D6A0 /* PromoIdea.png */,
				4F1F2AF31FA3FDAC0032D6A0 /* PromoItaliannis.png */,
				4F1F2AE91FA3FDAC0032D6A0 /* PromoPapaJohns.png */,
				4F1F2AF41FA3FDAD0032D6A0 /* PromoTizoncito.png */,
				4F1F2AEB1FA3FDAC0032D6A0 /* PromoWingstop.png */,
				4F1F2AEC1FA3FDAC0032D6A0 /* PromoZonaFitness.png */,
			);
			path = Promos;
			sourceTree = "<group>";
		};
		4F1F2B041FA405BD0032D6A0 /* UtilsFiles */ = {
			isa = PBXGroup;
			children = (
				4F1F2B021FA405B60032D6A0 /* Utils.swift */,
			);
			path = UtilsFiles;
			sourceTree = "<group>";
		};
		4FEC9CB31FA2B47D000643EB = {
			isa = PBXGroup;
			children = (
				4FEC9CBE1FA2B47D000643EB /* CapitalSocial */,
				4FEC9CD31FA2B47E000643EB /* CapitalSocialTests */,
				4FEC9CDE1FA2B47E000643EB /* CapitalSocialUITests */,
				4FEC9CBD1FA2B47D000643EB /* Products */,
				C7C39DDF9F8D5AA479F6F022 /* Pods */,
				2A23467CDB756149731A8B46 /* Frameworks */,
			);
			sourceTree = "<group>";
		};
		4FEC9CBD1FA2B47D000643EB /* Products */ = {
			isa = PBXGroup;
			children = (
				4FEC9CBC1FA2B47D000643EB /* CapitalSocial.app */,
				4FEC9CD01FA2B47E000643EB /* CapitalSocialTests.xctest */,
				4FEC9CDB1FA2B47E000643EB /* CapitalSocialUITests.xctest */,
			);
			name = Products;
			sourceTree = "<group>";
		};
		4FEC9CBE1FA2B47D000643EB /* CapitalSocial */ = {
			isa = PBXGroup;
			children = (
				4FEC9CBF1FA2B47D000643EB /* AppDelegate.swift */,
				4FEC9CC11FA2B47D000643EB /* ViewController.swift */,
				4FEC9CC31FA2B47D000643EB /* Main.storyboard */,
				4FC0C9CE1FA43F4900133254 /* AlamoFire.swift */,
				4F1F2B041FA405BD0032D6A0 /* UtilsFiles */,
				4FEC9CC61FA2B47E000643EB /* Assets.xcassets */,
				4FEC9CC81FA2B47E000643EB /* LaunchScreen.storyboard */,
				4FEC9CCB1FA2B47E000643EB /* Info.plist */,
				4F1F2AE81FA3FD7E0032D6A0 /* Promos */,
			);
			path = CapitalSocial;
			sourceTree = "<group>";
		};
		4FEC9CD31FA2B47E000643EB /* CapitalSocialTests */ = {
			isa = PBXGroup;
			children = (
				4FEC9CD41FA2B47E000643EB /* CapitalSocialTests.swift */,
				4FEC9CD61FA2B47E000643EB /* Info.plist */,
			);
			path = CapitalSocialTests;
			sourceTree = "<group>";
		};
		4FEC9CDE1FA2B47E000643EB /* CapitalSocialUITests */ = {
			isa = PBXGroup;
			children = (
				4FEC9CDF1FA2B47E000643EB /* CapitalSocialUITests.swift */,
				4FEC9CE11FA2B47E000643EB /* Info.plist */,
			);
			path = CapitalSocialUITests;
			sourceTree = "<group>";
		};
		C7C39DDF9F8D5AA479F6F022 /* Pods */ = {
			isa = PBXGroup;
			children = (
				860AFE2F0D4A5CFAB4A887B9 /* Pods-CapitalSocial.debug.xcconfig */,
				F5152DAB41F8CC66DF9E47CD /* Pods-CapitalSocial.release.xcconfig */,
			);
			name = Pods;
			sourceTree = "<group>";
		};
/* End PBXGroup section */

/* Begin PBXNativeTarget section */
		4FEC9CBB1FA2B47D000643EB /* CapitalSocial */ = {
			isa = PBXNativeTarget;
			buildConfigurationList = 4FEC9CE41FA2B47E000643EB /* Build configuration list for PBXNativeTarget "CapitalSocial" */;
			buildPhases = (
				38F199D3AA2B071E133335A5 /* [CP] Check Pods Manifest.lock */,
				4FEC9CB81FA2B47D000643EB /* Sources */,
				4FEC9CB91FA2B47D000643EB /* Frameworks */,
				4FEC9CBA1FA2B47D000643EB /* Resources */,
				5C88A63C58415B1956DCA16D /* [CP] Embed Pods Frameworks */,
				79BD39BC1F1379118DBFF632 /* [CP] Copy Pods Resources */,
			);
			buildRules = (
			);
			dependencies = (
			);
			name = CapitalSocial;
			productName = CapitalSocial;
			productReference = 4FEC9CBC1FA2B47D000643EB /* CapitalSocial.app */;
			productType = "com.apple.product-type.application";
		};
		4FEC9CCF1FA2B47E000643EB /* CapitalSocialTests */ = {
			isa = PBXNativeTarget;
			buildConfigurationList = 4FEC9CE71FA2B47E000643EB /* Build configuration list for PBXNativeTarget "CapitalSocialTests" */;
			buildPhases = (
				4FEC9CCC1FA2B47E000643EB /* Sources */,
				4FEC9CCD1FA2B47E000643EB /* Frameworks */,
				4FEC9CCE1FA2B47E000643EB /* Resources */,
			);
			buildRules = (
			);
			dependencies = (
				4FEC9CD21FA2B47E000643EB /* PBXTargetDependency */,
			);
			name = CapitalSocialTests;
			productName = CapitalSocialTests;
			productReference = 4FEC9CD01FA2B47E000643EB /* CapitalSocialTests.xctest */;
			productType = "com.apple.product-type.bundle.unit-test";
		};
		4FEC9CDA1FA2B47E000643EB /* CapitalSocialUITests */ = {
			isa = PBXNativeTarget;
			buildConfigurationList = 4FEC9CEA1FA2B47E000643EB /* Build configuration list for PBXNativeTarget "CapitalSocialUITests" */;
			buildPhases = (
				4FEC9CD71FA2B47E000643EB /* Sources */,
				4FEC9CD81FA2B47E000643EB /* Frameworks */,
				4FEC9CD91FA2B47E000643EB /* Resources */,
			);
			buildRules = (
			);
			dependencies = (
				4FEC9CDD1FA2B47E000643EB /* PBXTargetDependency */,
			);
			name = CapitalSocialUITests;
			productName = CapitalSocialUITests;
			productReference = 4FEC9CDB1FA2B47E000643EB /* CapitalSocialUITests.xctest */;
			productType = "com.apple.product-type.bundle.ui-testing";
		};
/* End PBXNativeTarget section */

/* Begin PBXProject section */
		4FEC9CB41FA2B47D000643EB /* Project object */ = {
			isa = PBXProject;
			attributes = {
				LastSwiftUpdateCheck = 0900;
				LastUpgradeCheck = 0900;
				ORGANIZATIONNAME = "Ariel Ramírez";
				TargetAttributes = {
					4FEC9CBB1FA2B47D000643EB = {
						CreatedOnToolsVersion = 9.0;
						ProvisioningStyle = Automatic;
					};
					4FEC9CCF1FA2B47E000643EB = {
						CreatedOnToolsVersion = 9.0;
						ProvisioningStyle = Automatic;
						TestTargetID = 4FEC9CBB1FA2B47D000643EB;
					};
					4FEC9CDA1FA2B47E000643EB = {
						CreatedOnToolsVersion = 9.0;
						ProvisioningStyle = Automatic;
						TestTargetID = 4FEC9CBB1FA2B47D000643EB;
					};
				};
			};
			buildConfigurationList = 4FEC9CB71FA2B47D000643EB /* Build configuration list for PBXProject "CapitalSocial" */;
			compatibilityVersion = "Xcode 8.0";
			developmentRegion = en;
			hasScannedForEncodings = 0;
			knownRegions = (
				en,
				Base,
			);
			mainGroup = 4FEC9CB31FA2B47D000643EB;
			productRefGroup = 4FEC9CBD1FA2B47D000643EB /* Products */;
			projectDirPath = "";
			projectRoot = "";
			targets = (
				4FEC9CBB1FA2B47D000643EB /* CapitalSocial */,
				4FEC9CCF1FA2B47E000643EB /* CapitalSocialTests */,
				4FEC9CDA1FA2B47E000643EB /* CapitalSocialUITests */,
			);
		};
/* End PBXProject section */

/* Begin PBXResourcesBuildPhase section */
		4FEC9CBA1FA2B47D000643EB /* Resources */ = {
			isa = PBXResourcesBuildPhase;
			buildActionMask = 2147483647;
			files = (
				4FEC9CCA1FA2B47E000643EB /* LaunchScreen.storyboard in Resources */,
				4FEC9CC71FA2B47E000643EB /* Assets.xcassets in Resources */,
				4FEC9CC51FA2B47D000643EB /* Main.storyboard in Resources */,
			);
			runOnlyForDeploymentPostprocessing = 0;
		};
		4FEC9CCE1FA2B47E000643EB /* Resources */ = {
			isa = PBXResourcesBuildPhase;
			buildActionMask = 2147483647;
			files = (
			);
			runOnlyForDeploymentPostprocessing = 0;
		};
		4FEC9CD91FA2B47E000643EB /* Resources */ = {
			isa = PBXResourcesBuildPhase;
			buildActionMask = 2147483647;
			files = (
			);
			runOnlyForDeploymentPostprocessing = 0;
		};
/* End PBXResourcesBuildPhase section */

/* Begin PBXShellScriptBuildPhase section */
		38F199D3AA2B071E133335A5 /* [CP] Check Pods Manifest.lock */ = {
			isa = PBXShellScriptBuildPhase;
			buildActionMask = 2147483647;
			files = (
			);
			inputPaths = (
				"${PODS_PODFILE_DIR_PATH}/Podfile.lock",
				"${PODS_ROOT}/Manifest.lock",
			);
			name = "[CP] Check Pods Manifest.lock";
			outputPaths = (
				"$(DERIVED_FILE_DIR)/Pods-CapitalSocial-checkManifestLockResult.txt",
			);
			runOnlyForDeploymentPostprocessing = 0;
			shellPath = /bin/sh;
			shellScript = "diff \"${PODS_PODFILE_DIR_PATH}/Podfile.lock\" \"${PODS_ROOT}/Manifest.lock\" > /dev/null\nif [ $? != 0 ] ; then\n    # print error to STDERR\n    echo \"error: The sandbox is not in sync with the Podfile.lock. Run 'pod install' or update your CocoaPods installation.\" >&2\n    exit 1\nfi\n# This output is used by Xcode 'outputs' to avoid re-running this script phase.\necho \"SUCCESS\" > \"${SCRIPT_OUTPUT_FILE_0}\"\n";
			showEnvVarsInLog = 0;
		};
		5C88A63C58415B1956DCA16D /* [CP] Embed Pods Frameworks */ = {
			isa = PBXShellScriptBuildPhase;
			buildActionMask = 2147483647;
			files = (
			);
			inputPaths = (
				"${SRCROOT}/Pods/Target Support Files/Pods-CapitalSocial/Pods-CapitalSocial-frameworks.sh",
				"${BUILT_PRODUCTS_DIR}/Alamofire/Alamofire.framework",
				"${BUILT_PRODUCTS_DIR}/PKHUD/PKHUD.framework",
			);
			name = "[CP] Embed Pods Frameworks";
			outputPaths = (
				"${TARGET_BUILD_DIR}/${FRAMEWORKS_FOLDER_PATH}/Alamofire.framework",
				"${TARGET_BUILD_DIR}/${FRAMEWORKS_FOLDER_PATH}/PKHUD.framework",
			);
			runOnlyForDeploymentPostprocessing = 0;
			shellPath = /bin/sh;
			shellScript = "\"${SRCROOT}/Pods/Target Support Files/Pods-CapitalSocial/Pods-CapitalSocial-frameworks.sh\"\n";
			showEnvVarsInLog = 0;
		};
		79BD39BC1F1379118DBFF632 /* [CP] Copy Pods Resources */ = {
			isa = PBXShellScriptBuildPhase;
			buildActionMask = 2147483647;
			files = (
			);
			inputPaths = (
			);
			name = "[CP] Copy Pods Resources";
			outputPaths = (
			);
			runOnlyForDeploymentPostprocessing = 0;
			shellPath = /bin/sh;
			shellScript = "\"${SRCROOT}/Pods/Target Support Files/Pods-CapitalSocial/Pods-CapitalSocial-resources.sh\"\n";
			showEnvVarsInLog = 0;
		};
/* End PBXShellScriptBuildPhase section */

/* Begin PBXSourcesBuildPhase section */
		4FEC9CB81FA2B47D000643EB /* Sources */ = {
			isa = PBXSourcesBuildPhase;
			buildActionMask = 2147483647;
			files = (
				4FEC9CC21FA2B47D000643EB /* ViewController.swift in Sources */,
				4FEC9CC01FA2B47D000643EB /* AppDelegate.swift in Sources */,
				4FC0C9CF1FA43F4900133254 /* AlamoFire.swift in Sources */,
				4F1F2B031FA405B60032D6A0 /* Utils.swift in Sources */,
			);
			runOnlyForDeploymentPostprocessing = 0;
		};
		4FEC9CCC1FA2B47E000643EB /* Sources */ = {
			isa = PBXSourcesBuildPhase;
			buildActionMask = 2147483647;
			files = (
				4FEC9CD51FA2B47E000643EB /* CapitalSocialTests.swift in Sources */,
			);
			runOnlyForDeploymentPostprocessing = 0;
		};
		4FEC9CD71FA2B47E000643EB /* Sources */ = {
			isa = PBXSourcesBuildPhase;
			buildActionMask = 2147483647;
			files = (
				4FEC9CE01FA2B47E000643EB /* CapitalSocialUITests.swift in Sources */,
			);
			runOnlyForDeploymentPostprocessing = 0;
		};
/* End PBXSourcesBuildPhase section */

/* Begin PBXTargetDependency section */
		4FEC9CD21FA2B47E000643EB /* PBXTargetDependency */ = {
			isa = PBXTargetDependency;
			target = 4FEC9CBB1FA2B47D000643EB /* CapitalSocial */;
			targetProxy = 4FEC9CD11FA2B47E000643EB /* PBXContainerItemProxy */;
		};
		4FEC9CDD1FA2B47E000643EB /* PBXTargetDependency */ = {
			isa = PBXTargetDependency;
			target = 4FEC9CBB1FA2B47D000643EB /* CapitalSocial */;
			targetProxy = 4FEC9CDC1FA2B47E000643EB /* PBXContainerItemProxy */;
		};
/* End PBXTargetDependency section */

/* Begin PBXVariantGroup section */
		4FEC9CC31FA2B47D000643EB /* Main.storyboard */ = {
			isa = PBXVariantGroup;
			children = (
				4FEC9CC41FA2B47D000643EB /* Base */,
			);
			name = Main.storyboard;
			sourceTree = "<group>";
		};
		4FEC9CC81FA2B47E000643EB /* LaunchScreen.storyboard */ = {
			isa = PBXVariantGroup;
			children = (
				4FEC9CC91FA2B47E000643EB /* Base */,
			);
			name = LaunchScreen.storyboard;
			sourceTree = "<group>";
		};
/* End PBXVariantGroup section */

/* Begin XCBuildConfiguration section */
		4FEC9CE21FA2B47E000643EB /* Debug */ = {
			isa = XCBuildConfiguration;
			buildSettings = {
				ALWAYS_SEARCH_USER_PATHS = NO;
				CLANG_ANALYZER_NONNULL = YES;
				CLANG_ANALYZER_NUMBER_OBJECT_CONVERSION = YES_AGGRESSIVE;
				CLANG_CXX_LANGUAGE_STANDARD = "gnu++14";
				CLANG_CXX_LIBRARY = "libc++";
				CLANG_ENABLE_MODULES = YES;
				CLANG_ENABLE_OBJC_ARC = YES;
				CLANG_WARN_BLOCK_CAPTURE_AUTORELEASING = YES;
				CLANG_WARN_BOOL_CONVERSION = YES;
				CLANG_WARN_COMMA = YES;
				CLANG_WARN_CONSTANT_CONVERSION = YES;
				CLANG_WARN_DIRECT_OBJC_ISA_USAGE = YES_ERROR;
				CLANG_WARN_DOCUMENTATION_COMMENTS = YES;
				CLANG_WARN_EMPTY_BODY = YES;
				CLANG_WARN_ENUM_CONVERSION = YES;
				CLANG_WARN_INFINITE_RECURSION = YES;
				CLANG_WARN_INT_CONVERSION = YES;
				CLANG_WARN_NON_LITERAL_NULL_CONVERSION = YES;
				CLANG_WARN_OBJC_LITERAL_CONVERSION = YES;
				CLANG_WARN_OBJC_ROOT_CLASS = YES_ERROR;
				CLANG_WARN_RANGE_LOOP_ANALYSIS = YES;
				CLANG_WARN_STRICT_PROTOTYPES = YES;
				CLANG_WARN_SUSPICIOUS_MOVE = YES;
				CLANG_WARN_UNGUARDED_AVAILABILITY = YES_AGGRESSIVE;
				CLANG_WARN_UNREACHABLE_CODE = YES;
				CLANG_WARN__DUPLICATE_METHOD_MATCH = YES;
				CODE_SIGN_IDENTITY = "iPhone Developer";
				COPY_PHASE_STRIP = NO;
				DEBUG_INFORMATION_FORMAT = dwarf;
				ENABLE_STRICT_OBJC_MSGSEND = YES;
				ENABLE_TESTABILITY = YES;
				GCC_C_LANGUAGE_STANDARD = gnu11;
				GCC_DYNAMIC_NO_PIC = NO;
				GCC_NO_COMMON_BLOCKS = YES;
				GCC_OPTIMIZATION_LEVEL = 0;
				GCC_PREPROCESSOR_DEFINITIONS = (
					"DEBUG=1",
					"$(inherited)",
				);
				GCC_WARN_64_TO_32_BIT_CONVERSION = YES;
				GCC_WARN_ABOUT_RETURN_TYPE = YES_ERROR;
				GCC_WARN_UNDECLARED_SELECTOR = YES;
				GCC_WARN_UNINITIALIZED_AUTOS = YES_AGGRESSIVE;
				GCC_WARN_UNUSED_FUNCTION = YES;
				GCC_WARN_UNUSED_VARIABLE = YES;
				IPHONEOS_DEPLOYMENT_TARGET = 11.0;
				MTL_ENABLE_DEBUG_INFO = YES;
				ONLY_ACTIVE_ARCH = YES;
				SDKROOT = iphoneos;
				SWIFT_ACTIVE_COMPILATION_CONDITIONS = DEBUG;
				SWIFT_OPTIMIZATION_LEVEL = "-Onone";
			};
			name = Debug;
		};
		4FEC9CE31FA2B47E000643EB /* Release */ = {
			isa = XCBuildConfiguration;
			buildSettings = {
				ALWAYS_SEARCH_USER_PATHS = NO;
				CLANG_ANALYZER_NONNULL = YES;
				CLANG_ANALYZER_NUMBER_OBJECT_CONVERSION = YES_AGGRESSIVE;
				CLANG_CXX_LANGUAGE_STANDARD = "gnu++14";
				CLANG_CXX_LIBRARY = "libc++";
				CLANG_ENABLE_MODULES = YES;
				CLANG_ENABLE_OBJC_ARC = YES;
				CLANG_WARN_BLOCK_CAPTURE_AUTORELEASING = YES;
				CLANG_WARN_BOOL_CONVERSION = YES;
				CLANG_WARN_COMMA = YES;
				CLANG_WARN_CONSTANT_CONVERSION = YES;
				CLANG_WARN_DIRECT_OBJC_ISA_USAGE = YES_ERROR;
				CLANG_WARN_DOCUMENTATION_COMMENTS = YES;
				CLANG_WARN_EMPTY_BODY = YES;
				CLANG_WARN_ENUM_CONVERSION = YES;
				CLANG_WARN_INFINITE_RECURSION = YES;
				CLANG_WARN_INT_CONVERSION = YES;
				CLANG_WARN_NON_LITERAL_NULL_CONVERSION = YES;
				CLANG_WARN_OBJC_LITERAL_CONVERSION = YES;
				CLANG_WARN_OBJC_ROOT_CLASS = YES_ERROR;
				CLANG_WARN_RANGE_LOOP_ANALYSIS = YES;
				CLANG_WARN_STRICT_PROTOTYPES = YES;
				CLANG_WARN_SUSPICIOUS_MOVE = YES;
				CLANG_WARN_UNGUARDED_AVAILABILITY = YES_AGGRESSIVE;
				CLANG_WARN_UNREACHABLE_CODE = YES;
				CLANG_WARN__DUPLICATE_METHOD_MATCH = YES;
				CODE_SIGN_IDENTITY = "iPhone Developer";
				COPY_PHASE_STRIP = NO;
				DEBUG_INFORMATION_FORMAT = "dwarf-with-dsym";
				ENABLE_NS_ASSERTIONS = NO;
				ENABLE_STRICT_OBJC_MSGSEND = YES;
				GCC_C_LANGUAGE_STANDARD = gnu11;
				GCC_NO_COMMON_BLOCKS = YES;
				GCC_WARN_64_TO_32_BIT_CONVERSION = YES;
				GCC_WARN_ABOUT_RETURN_TYPE = YES_ERROR;
				GCC_WARN_UNDECLARED_SELECTOR = YES;
				GCC_WARN_UNINITIALIZED_AUTOS = YES_AGGRESSIVE;
				GCC_WARN_UNUSED_FUNCTION = YES;
				GCC_WARN_UNUSED_VARIABLE = YES;
				IPHONEOS_DEPLOYMENT_TARGET = 11.0;
				MTL_ENABLE_DEBUG_INFO = NO;
				SDKROOT = iphoneos;
				SWIFT_OPTIMIZATION_LEVEL = "-Owholemodule";
				VALIDATE_PRODUCT = YES;
			};
			name = Release;
		};
		4FEC9CE51FA2B47E000643EB /* Debug */ = {
			isa = XCBuildConfiguration;
			baseConfigurationReference = 860AFE2F0D4A5CFAB4A887B9 /* Pods-CapitalSocial.debug.xcconfig */;
			buildSettings = {
				ASSETCATALOG_COMPILER_APPICON_NAME = AppIcon;
				CODE_SIGN_STYLE = Automatic;
				DEVELOPMENT_TEAM = FPCET9U9S6;
				INFOPLIST_FILE = CapitalSocial/Info.plist;
				IPHONEOS_DEPLOYMENT_TARGET = 10.0;
				LD_RUNPATH_SEARCH_PATHS = "$(inherited) @executable_path/Frameworks";
				PRODUCT_BUNDLE_IDENTIFIER = "armit-solutions.CapitalSocial";
				PRODUCT_NAME = "$(TARGET_NAME)";
				SWIFT_VERSION = 4.0;
				TARGETED_DEVICE_FAMILY = "1,2";
			};
			name = Debug;
		};
		4FEC9CE61FA2B47E000643EB /* Release */ = {
			isa = XCBuildConfiguration;
			baseConfigurationReference = F5152DAB41F8CC66DF9E47CD /* Pods-CapitalSocial.release.xcconfig */;
			buildSettings = {
				ASSETCATALOG_COMPILER_APPICON_NAME = AppIcon;
				CODE_SIGN_STYLE = Automatic;
				DEVELOPMENT_TEAM = FPCET9U9S6;
				INFOPLIST_FILE = CapitalSocial/Info.plist;
				IPHONEOS_DEPLOYMENT_TARGET = 10.0;
				LD_RUNPATH_SEARCH_PATHS = "$(inherited) @executable_path/Frameworks";
				PRODUCT_BUNDLE_IDENTIFIER = "armit-solutions.CapitalSocial";
				PRODUCT_NAME = "$(TARGET_NAME)";
				SWIFT_VERSION = 4.0;
				TARGETED_DEVICE_FAMILY = "1,2";
			};
			name = Release;
		};
		4FEC9CE81FA2B47E000643EB /* Debug */ = {
			isa = XCBuildConfiguration;
			buildSettings = {
				ALWAYS_EMBED_SWIFT_STANDARD_LIBRARIES = YES;
				BUNDLE_LOADER = "$(TEST_HOST)";
				CODE_SIGN_STYLE = Automatic;
				DEVELOPMENT_TEAM = FPCET9U9S6;
				INFOPLIST_FILE = CapitalSocialTests/Info.plist;
				LD_RUNPATH_SEARCH_PATHS = "$(inherited) @executable_path/Frameworks @loader_path/Frameworks";
				PRODUCT_BUNDLE_IDENTIFIER = "armit-solutions.CapitalSocialTests";
				PRODUCT_NAME = "$(TARGET_NAME)";
				SWIFT_VERSION = 4.0;
				TARGETED_DEVICE_FAMILY = "1,2";
				TEST_HOST = "$(BUILT_PRODUCTS_DIR)/CapitalSocial.app/CapitalSocial";
			};
			name = Debug;
		};
		4FEC9CE91FA2B47E000643EB /* Release */ = {
			isa = XCBuildConfiguration;
			buildSettings = {
				ALWAYS_EMBED_SWIFT_STANDARD_LIBRARIES = YES;
				BUNDLE_LOADER = "$(TEST_HOST)";
				CODE_SIGN_STYLE = Automatic;
				DEVELOPMENT_TEAM = FPCET9U9S6;
				INFOPLIST_FILE = CapitalSocialTests/Info.plist;
				LD_RUNPATH_SEARCH_PATHS = "$(inherited) @executable_path/Frameworks @loader_path/Frameworks";
				PRODUCT_BUNDLE_IDENTIFIER = "armit-solutions.CapitalSocialTests";
				PRODUCT_NAME = "$(TARGET_NAME)";
				SWIFT_VERSION = 4.0;
				TARGETED_DEVICE_FAMILY = "1,2";
				TEST_HOST = "$(BUILT_PRODUCTS_DIR)/CapitalSocial.app/CapitalSocial";
			};
			name = Release;
		};
		4FEC9CEB1FA2B47E000643EB /* Debug */ = {
			isa = XCBuildConfiguration;
			buildSettings = {
				ALWAYS_EMBED_SWIFT_STANDARD_LIBRARIES = YES;
				CODE_SIGN_STYLE = Automatic;
				DEVELOPMENT_TEAM = FPCET9U9S6;
				INFOPLIST_FILE = CapitalSocialUITests/Info.plist;
				LD_RUNPATH_SEARCH_PATHS = "$(inherited) @executable_path/Frameworks @loader_path/Frameworks";
				PRODUCT_BUNDLE_IDENTIFIER = "armit-solutions.CapitalSocialUITests";
				PRODUCT_NAME = "$(TARGET_NAME)";
				SWIFT_VERSION = 4.0;
				TARGETED_DEVICE_FAMILY = "1,2";
				TEST_TARGET_NAME = CapitalSocial;
			};
			name = Debug;
		};
		4FEC9CEC1FA2B47E000643EB /* Release */ = {
			isa = XCBuildConfiguration;
			buildSettings = {
				ALWAYS_EMBED_SWIFT_STANDARD_LIBRARIES = YES;
				CODE_SIGN_STYLE = Automatic;
				DEVELOPMENT_TEAM = FPCET9U9S6;
				INFOPLIST_FILE = CapitalSocialUITests/Info.plist;
				LD_RUNPATH_SEARCH_PATHS = "$(inherited) @executable_path/Frameworks @loader_path/Frameworks";
				PRODUCT_BUNDLE_IDENTIFIER = "armit-solutions.CapitalSocialUITests";
				PRODUCT_NAME = "$(TARGET_NAME)";
				SWIFT_VERSION = 4.0;
				TARGETED_DEVICE_FAMILY = "1,2";
				TEST_TARGET_NAME = CapitalSocial;
			};
			name = Release;
		};
/* End XCBuildConfiguration section */

/* Begin XCConfigurationList section */
		4FEC9CB71FA2B47D000643EB /* Build configuration list for PBXProject "CapitalSocial" */ = {
			isa = XCConfigurationList;
			buildConfigurations = (
				4FEC9CE21FA2B47E000643EB /* Debug */,
				4FEC9CE31FA2B47E000643EB /* Release */,
			);
			defaultConfigurationIsVisible = 0;
			defaultConfigurationName = Release;
		};
		4FEC9CE41FA2B47E000643EB /* Build configuration list for PBXNativeTarget "CapitalSocial" */ = {
			isa = XCConfigurationList;
			buildConfigurations = (
				4FEC9CE51FA2B47E000643EB /* Debug */,
				4FEC9CE61FA2B47E000643EB /* Release */,
			);
			defaultConfigurationIsVisible = 0;
			defaultConfigurationName = Release;
		};
		4FEC9CE71FA2B47E000643EB /* Build configuration list for PBXNativeTarget "CapitalSocialTests" */ = {
			isa = XCConfigurationList;
			buildConfigurations = (
				4FEC9CE81FA2B47E000643EB /* Debug */,
				4FEC9CE91FA2B47E000643EB /* Release */,
			);
			defaultConfigurationIsVisible = 0;
			defaultConfigurationName = Release;
		};
		4FEC9CEA1FA2B47E000643EB /* Build configuration list for PBXNativeTarget "CapitalSocialUITests" */ = {
			isa = XCConfigurationList;
			buildConfigurations = (
				4FEC9CEB1FA2B47E000643EB /* Debug */,
				4FEC9CEC1FA2B47E000643EB /* Release */,
			);
			defaultConfigurationIsVisible = 0;
			defaultConfigurationName = Release;
		};
/* End XCConfigurationList section */
	};
	rootObject = 4FEC9CB41FA2B47D000643EB /* Project object */;
}
